// !$*UTF8*$!
{
	archiveVersion = 1;
	classes = {
	};
	objectVersion = 55;
	objects = {

/* Begin PBXBuildFile section */
		1BC237C7284331920059DB8C /* AppDelegate.swift in Sources */ = {isa = PBXBuildFile; fileRef = 1BC237C6284331920059DB8C /* AppDelegate.swift */; };
		1BC237C9284331920059DB8C /* SceneDelegate.swift in Sources */ = {isa = PBXBuildFile; fileRef = 1BC237C8284331920059DB8C /* SceneDelegate.swift */; };
		1BC237CB284331920059DB8C /* ViewController.swift in Sources */ = {isa = PBXBuildFile; fileRef = 1BC237CA284331920059DB8C /* ViewController.swift */; };
		1BC237D0284331950059DB8C /* Assets.xcassets in Resources */ = {isa = PBXBuildFile; fileRef = 1BC237CF284331950059DB8C /* Assets.xcassets */; };
		1BC237D3284331950059DB8C /* LaunchScreen.storyboard in Resources */ = {isa = PBXBuildFile; fileRef = 1BC237D1284331950059DB8C /* LaunchScreen.storyboard */; };
		1BC237DB284332DA0059DB8C /* SquareBoxView.xib in Resources */ = {isa = PBXBuildFile; fileRef = 1BC237DA284332DA0059DB8C /* SquareBoxView.xib */; };
		1BC237DD284333030059DB8C /* SquareBoxView.swift in Sources */ = {isa = PBXBuildFile; fileRef = 1BC237DC284333030059DB8C /* SquareBoxView.swift */; };
		1BC237DF284367770059DB8C /* BannerView.swift in Sources */ = {isa = PBXBuildFile; fileRef = 1BC237DE284367770059DB8C /* BannerView.swift */; };
		1BC237E12844524B0059DB8C /* DetailViewController.swift in Sources */ = {isa = PBXBuildFile; fileRef = 1BC237E02844524B0059DB8C /* DetailViewController.swift */; };
		1BC237E328445C520059DB8C /* MainActivateButton.swift in Sources */ = {isa = PBXBuildFile; fileRef = 1BC237E228445C520059DB8C /* MainActivateButton.swift */; };
		1BC237E52844617F0059DB8C /* Main.storyboard in Resources */ = {isa = PBXBuildFile; fileRef = 1BC237E42844617F0059DB8C /* Main.storyboard */; };
/* End PBXBuildFile section */

/* Begin PBXFileReference section */
		1BC237C3284331920059DB8C /* My12Weeks.app */ = {isa = PBXFileReference; explicitFileType = wrapper.application; includeInIndex = 0; path = My12Weeks.app; sourceTree = BUILT_PRODUCTS_DIR; };
		1BC237C6284331920059DB8C /* AppDelegate.swift */ = {isa = PBXFileReference; lastKnownFileType = sourcecode.swift; path = AppDelegate.swift; sourceTree = "<group>"; };
		1BC237C8284331920059DB8C /* SceneDelegate.swift */ = {isa = PBXFileReference; lastKnownFileType = sourcecode.swift; path = SceneDelegate.swift; sourceTree = "<group>"; };
		1BC237CA284331920059DB8C /* ViewController.swift */ = {isa = PBXFileReference; lastKnownFileType = sourcecode.swift; path = ViewController.swift; sourceTree = "<group>"; };
		1BC237CF284331950059DB8C /* Assets.xcassets */ = {isa = PBXFileReference; lastKnownFileType = folder.assetcatalog; path = Assets.xcassets; sourceTree = "<group>"; };
		1BC237D2284331950059DB8C /* Base */ = {isa = PBXFileReference; lastKnownFileType = file.storyboard; name = Base; path = Base.lproj/LaunchScreen.storyboard; sourceTree = "<group>"; };
		1BC237D4284331950059DB8C /* Info.plist */ = {isa = PBXFileReference; lastKnownFileType = text.plist.xml; path = Info.plist; sourceTree = "<group>"; };
		1BC237DA284332DA0059DB8C /* SquareBoxView.xib */ = {isa = PBXFileReference; lastKnownFileType = file.xib; path = SquareBoxView.xib; sourceTree = "<group>"; };
		1BC237DC284333030059DB8C /* SquareBoxView.swift */ = {isa = PBXFileReference; lastKnownFileType = sourcecode.swift; path = SquareBoxView.swift; sourceTree = "<group>"; };
		1BC237DE284367770059DB8C /* BannerView.swift */ = {isa = PBXFileReference; lastKnownFileType = sourcecode.swift; path = BannerView.swift; sourceTree = "<group>"; };
		1BC237E02844524B0059DB8C /* DetailViewController.swift */ = {isa = PBXFileReference; lastKnownFileType = sourcecode.swift; path = DetailViewController.swift; sourceTree = "<group>"; };
		1BC237E228445C520059DB8C /* MainActivateButton.swift */ = {isa = PBXFileReference; lastKnownFileType = sourcecode.swift; path = MainActivateButton.swift; sourceTree = "<group>"; };
		1BC237E42844617F0059DB8C /* Main.storyboard */ = {isa = PBXFileReference; fileEncoding = 4; lastKnownFileType = file.storyboard; path = Main.storyboard; sourceTree = "<group>"; };
/* End PBXFileReference section */

/* Begin PBXFrameworksBuildPhase section */
		1BC237C0284331920059DB8C /* Frameworks */ = {
			isa = PBXFrameworksBuildPhase;
			buildActionMask = 2147483647;
			files = (
			);
			runOnlyForDeploymentPostprocessing = 0;
		};
/* End PBXFrameworksBuildPhase section */

/* Begin PBXGroup section */
		1BC237BA284331920059DB8C = {
			isa = PBXGroup;
			children = (
				1BC237C5284331920059DB8C /* My12Weeks */,
				1BC237C4284331920059DB8C /* Products */,
			);
			sourceTree = "<group>";
		};
		1BC237C4284331920059DB8C /* Products */ = {
			isa = PBXGroup;
			children = (
				1BC237C3284331920059DB8C /* My12Weeks.app */,
			);
			name = Products;
			sourceTree = "<group>";
		};
		1BC237C5284331920059DB8C /* My12Weeks */ = {
			isa = PBXGroup;
			children = (
				1BC237C6284331920059DB8C /* AppDelegate.swift */,
				1BC237C8284331920059DB8C /* SceneDelegate.swift */,
				1BC237CA284331920059DB8C /* ViewController.swift */,
				1BC237DE284367770059DB8C /* BannerView.swift */,
				1BC237E42844617F0059DB8C /* Main.storyboard */,
				1BC237E02844524B0059DB8C /* DetailViewController.swift */,
				1BC237DA284332DA0059DB8C /* SquareBoxView.xib */,
				1BC237DC284333030059DB8C /* SquareBoxView.swift */,
				1BC237E228445C520059DB8C /* MainActivateButton.swift */,
				1BC237CF284331950059DB8C /* Assets.xcassets */,
				1BC237D1284331950059DB8C /* LaunchScreen.storyboard */,
				1BC237D4284331950059DB8C /* Info.plist */,
			);
			path = My12Weeks;
			sourceTree = "<group>";
		};
/* End PBXGroup section */

/* Begin PBXNativeTarget section */
		1BC237C2284331920059DB8C /* My12Weeks */ = {
			isa = PBXNativeTarget;
			buildConfigurationList = 1BC237D7284331950059DB8C /* Build configuration list for PBXNativeTarget "My12Weeks" */;
			buildPhases = (
				1BC237BF284331920059DB8C /* Sources */,
				1BC237C0284331920059DB8C /* Frameworks */,
				1BC237C1284331920059DB8C /* Resources */,
			);
			buildRules = (
			);
			dependencies = (
			);
			name = My12Weeks;
			productName = My12Weeks;
			productReference = 1BC237C3284331920059DB8C /* My12Weeks.app */;
			productType = "com.apple.product-type.application";
		};
/* End PBXNativeTarget section */

/* Begin PBXProject section */
		1BC237BB284331920059DB8C /* Project object */ = {
			isa = PBXProject;
			attributes = {
				BuildIndependentTargetsInParallel = 1;
				LastSwiftUpdateCheck = 1330;
				LastUpgradeCheck = 1330;
				TargetAttributes = {
					1BC237C2284331920059DB8C = {
						CreatedOnToolsVersion = 13.3.1;
					};
				};
			};
			buildConfigurationList = 1BC237BE284331920059DB8C /* Build configuration list for PBXProject "My12Weeks" */;
			compatibilityVersion = "Xcode 13.0";
			developmentRegion = en;
			hasScannedForEncodings = 0;
			knownRegions = (
				en,
				Base,
			);
			mainGroup = 1BC237BA284331920059DB8C;
			productRefGroup = 1BC237C4284331920059DB8C /* Products */;
			projectDirPath = "";
			projectRoot = "";
			targets = (
				1BC237C2284331920059DB8C /* My12Weeks */,
			);
		};
/* End PBXProject section */

/* Begin PBXResourcesBuildPhase section */
		1BC237C1284331920059DB8C /* Resources */ = {
			isa = PBXResourcesBuildPhase;
			buildActionMask = 2147483647;
			files = (
				1BC237D3284331950059DB8C /* LaunchScreen.storyboard in Resources */,
				1BC237D0284331950059DB8C /* Assets.xcassets in Resources */,
				1BC237DB284332DA0059DB8C /* SquareBoxView.xib in Resources */,
				1BC237E52844617F0059DB8C /* Main.storyboard in Resources */,
			);
			runOnlyForDeploymentPostprocessing = 0;
		};
/* End PBXResourcesBuildPhase section */

/* Begin PBXSourcesBuildPhase section */
		1BC237BF284331920059DB8C /* Sources */ = {
			isa = PBXSourcesBuildPhase;
			buildActionMask = 2147483647;
			files = (
				1BC237DF284367770059DB8C /* BannerView.swift in Sources */,
				1BC237CB284331920059DB8C /* ViewController.swift in Sources */,
				1BC237C7284331920059DB8C /* AppDelegate.swift in Sources */,
				1BC237E12844524B0059DB8C /* DetailViewController.swift in Sources */,
				1BC237C9284331920059DB8C /* SceneDelegate.swift in Sources */,
				1BC237DD284333030059DB8C /* SquareBoxView.swift in Sources */,
				1BC237E328445C520059DB8C /* MainActivateButton.swift in Sources */,
			);
			runOnlyForDeploymentPostprocessing = 0;
		};
/* End PBXSourcesBuildPhase section */

/* Begin PBXVariantGroup section */
		1BC237D1284331950059DB8C /* LaunchScreen.storyboard */ = {
			isa = PBXVariantGroup;
			children = (
				1BC237D2284331950059DB8C /* Base */,
			);
			name = LaunchScreen.storyboard;
			sourceTree = "<group>";
		};
/* End PBXVariantGroup section */

/* Begin XCBuildConfiguration section */
		1BC237D5284331950059DB8C /* Debug */ = {
			isa = XCBuildConfiguration;
			buildSettings = {
				ALWAYS_SEARCH_USER_PATHS = NO;
				CLANG_ANALYZER_NONNULL = YES;
				CLANG_ANALYZER_NUMBER_OBJECT_CONVERSION = YES_AGGRESSIVE;
				CLANG_CXX_LANGUAGE_STANDARD = "gnu++17";
				CLANG_ENABLE_MODULES = YES;
				CLANG_ENABLE_OBJC_ARC = YES;
				CLANG_ENABLE_OBJC_WEAK = YES;
				CLANG_WARN_BLOCK_CAPTURE_AUTORELEASING = YES;
				CLANG_WARN_BOOL_CONVERSION = YES;
				CLANG_WARN_COMMA = YES;
				CLANG_WARN_CONSTANT_CONVERSION = YES;
				CLANG_WARN_DEPRECATED_OBJC_IMPLEMENTATIONS = YES;
				CLANG_WARN_DIRECT_OBJC_ISA_USAGE = YES_ERROR;
				CLANG_WARN_DOCUMENTATION_COMMENTS = YES;
				CLANG_WARN_EMPTY_BODY = YES;
				CLANG_WARN_ENUM_CONVERSION = YES;
				CLANG_WARN_INFINITE_RECURSION = YES;
				CLANG_WARN_INT_CONVERSION = YES;
				CLANG_WARN_NON_LITERAL_NULL_CONVERSION = YES;
				CLANG_WARN_OBJC_IMPLICIT_RETAIN_SELF = YES;
				CLANG_WARN_OBJC_LITERAL_CONVERSION = YES;
				CLANG_WARN_OBJC_ROOT_CLASS = YES_ERROR;
				CLANG_WARN_QUOTED_INCLUDE_IN_FRAMEWORK_HEADER = YES;
				CLANG_WARN_RANGE_LOOP_ANALYSIS = YES;
				CLANG_WARN_STRICT_PROTOTYPES = YES;
				CLANG_WARN_SUSPICIOUS_MOVE = YES;
				CLANG_WARN_UNGUARDED_AVAILABILITY = YES_AGGRESSIVE;
				CLANG_WARN_UNREACHABLE_CODE = YES;
				CLANG_WARN__DUPLICATE_METHOD_MATCH = YES;
				COPY_PHASE_STRIP = NO;
				DEBUG_INFORMATION_FORMAT = dwarf;
				ENABLE_STRICT_OBJC_MSGSEND = YES;
				ENABLE_TESTABILITY = YES;
				GCC_C_LANGUAGE_STANDARD = gnu11;
				GCC_DYNAMIC_NO_PIC = NO;
				GCC_NO_COMMON_BLOCKS = YES;
				GCC_OPTIMIZATION_LEVEL = 0;
				GCC_PREPROCESSOR_DEFINITIONS = (
					"DEBUG=1",
					"$(inherited)",
				);
				GCC_WARN_64_TO_32_BIT_CONVERSION = YES;
				GCC_WARN_ABOUT_RETURN_TYPE = YES_ERROR;
				GCC_WARN_UNDECLARED_SELECTOR = YES;
				GCC_WARN_UNINITIALIZED_AUTOS = YES_AGGRESSIVE;
				GCC_WARN_UNUSED_FUNCTION = YES;
				GCC_WARN_UNUSED_VARIABLE = YES;
				IPHONEOS_DEPLOYMENT_TARGET = 15.4;
				MTL_ENABLE_DEBUG_INFO = INCLUDE_SOURCE;
				MTL_FAST_MATH = YES;
				ONLY_ACTIVE_ARCH = YES;
				SDKROOT = iphoneos;
				SWIFT_ACTIVE_COMPILATION_CONDITIONS = DEBUG;
				SWIFT_OPTIMIZATION_LEVEL = "-Onone";
			};
			name = Debug;
		};
		1BC237D6284331950059DB8C /* Release */ = {
			isa = XCBuildConfiguration;
			buildSettings = {
				ALWAYS_SEARCH_USER_PATHS = NO;
				CLANG_ANALYZER_NONNULL = YES;
				CLANG_ANALYZER_NUMBER_OBJECT_CONVERSION = YES_AGGRESSIVE;
				CLANG_CXX_LANGUAGE_STANDARD = "gnu++17";
				CLANG_ENABLE_MODULES = YES;
				CLANG_ENABLE_OBJC_ARC = YES;
				CLANG_ENABLE_OBJC_WEAK = YES;
				CLANG_WARN_BLOCK_CAPTURE_AUTORELEASING = YES;
				CLANG_WARN_BOOL_CONVERSION = YES;
				CLANG_WARN_COMMA = YES;
				CLANG_WARN_CONSTANT_CONVERSION = YES;
				CLANG_WARN_DEPRECATED_OBJC_IMPLEMENTATIONS = YES;
				CLANG_WARN_DIRECT_OBJC_ISA_USAGE = YES_ERROR;
				CLANG_WARN_DOCUMENTATION_COMMENTS = YES;
				CLANG_WARN_EMPTY_BODY = YES;
				CLANG_WARN_ENUM_CONVERSION = YES;
				CLANG_WARN_INFINITE_RECURSION = YES;
				CLANG_WARN_INT_CONVERSION = YES;
				CLANG_WARN_NON_LITERAL_NULL_CONVERSION = YES;
				CLANG_WARN_OBJC_IMPLICIT_RETAIN_SELF = YES;
				CLANG_WARN_OBJC_LITERAL_CONVERSION = YES;
				CLANG_WARN_OBJC_ROOT_CLASS = YES_ERROR;
				CLANG_WARN_QUOTED_INCLUDE_IN_FRAMEWORK_HEADER = YES;
				CLANG_WARN_RANGE_LOOP_ANALYSIS = YES;
				CLANG_WARN_STRICT_PROTOTYPES = YES;
				CLANG_WARN_SUSPICIOUS_MOVE = YES;
				CLANG_WARN_UNGUARDED_AVAILABILITY = YES_AGGRESSIVE;
				CLANG_WARN_UNREACHABLE_CODE = YES;
				CLANG_WARN__DUPLICATE_METHOD_MATCH = YES;
				COPY_PHASE_STRIP = NO;
				DEBUG_INFORMATION_FORMAT = "dwarf-with-dsym";
				ENABLE_NS_ASSERTIONS = NO;
				ENABLE_STRICT_OBJC_MSGSEND = YES;
				GCC_C_LANGUAGE_STANDARD = gnu11;
				GCC_NO_COMMON_BLOCKS = YES;
				GCC_WARN_64_TO_32_BIT_CONVERSION = YES;
				GCC_WARN_ABOUT_RETURN_TYPE = YES_ERROR;
				GCC_WARN_UNDECLARED_SELECTOR = YES;
				GCC_WARN_UNINITIALIZED_AUTOS = YES_AGGRESSIVE;
				GCC_WARN_UNUSED_FUNCTION = YES;
				GCC_WARN_UNUSED_VARIABLE = YES;
				IPHONEOS_DEPLOYMENT_TARGET = 15.4;
				MTL_ENABLE_DEBUG_INFO = NO;
				MTL_FAST_MATH = YES;
				SDKROOT = iphoneos;
				SWIFT_COMPILATION_MODE = wholemodule;
				SWIFT_OPTIMIZATION_LEVEL = "-O";
				VALIDATE_PRODUCT = YES;
			};
			name = Release;
		};
		1BC237D8284331950059DB8C /* Debug */ = {
			isa = XCBuildConfiguration;
			buildSettings = {
				ASSETCATALOG_COMPILER_APPICON_NAME = AppIcon;
				ASSETCATALOG_COMPILER_GLOBAL_ACCENT_COLOR_NAME = AccentColor;
				CODE_SIGN_STYLE = Automatic;
				CURRENT_PROJECT_VERSION = 1;
				GENERATE_INFOPLIST_FILE = YES;
				INFOPLIST_FILE = My12Weeks/Info.plist;
				INFOPLIST_KEY_UIApplicationSupportsIndirectInputEvents = YES;
				INFOPLIST_KEY_UILaunchStoryboardName = LaunchScreen;
				INFOPLIST_KEY_UISupportedInterfaceOrientations_iPad = "UIInterfaceOrientationPortrait UIInterfaceOrientationPortraitUpsideDown UIInterfaceOrientationLandscapeLeft UIInterfaceOrientationLandscapeRight";
				INFOPLIST_KEY_UISupportedInterfaceOrientations_iPhone = "UIInterfaceOrientationPortrait UIInterfaceOrientationLandscapeLeft UIInterfaceOrientationLandscapeRight";
				LD_RUNPATH_SEARCH_PATHS = (
					"$(inherited)",
					"@executable_path/Frameworks",
				);
				MARKETING_VERSION = 1.0;
				PRODUCT_BUNDLE_IDENTIFIER = com.bro.My12Weeks;
				PRODUCT_NAME = "$(TARGET_NAME)";
				SWIFT_EMIT_LOC_STRINGS = YES;
				SWIFT_VERSION = 5.0;
				TARGETED_DEVICE_FAMILY = "1,2";
			};
			name = Debug;
		};
		1BC237D9284331950059DB8C /* Release */ = {
			isa = XCBuildConfiguration;
			buildSettings = {
				ASSETCATALOG_COMPILER_APPICON_NAME = AppIcon;
				ASSETCATALOG_COMPILER_GLOBAL_ACCENT_COLOR_NAME = AccentColor;
				CODE_SIGN_STYLE = Automatic;
				CURRENT_PROJECT_VERSION = 1;
				GENERATE_INFOPLIST_FILE = YES;
				INFOPLIST_FILE = My12Weeks/Info.plist;
				INFOPLIST_KEY_UIApplicationSupportsIndirectInputEvents = YES;
				INFOPLIST_KEY_UILaunchStoryboardName = LaunchScreen;
				INFOPLIST_KEY_UISupportedInterfaceOrientations_iPad = "UIInterfaceOrientationPortrait UIInterfaceOrientationPortraitUpsideDown UIInterfaceOrientationLandscapeLeft UIInterfaceOrientationLandscapeRight";
				INFOPLIST_KEY_UISupportedInterfaceOrientations_iPhone = "UIInterfaceOrientationPortrait UIInterfaceOrientationLandscapeLeft UIInterfaceOrientationLandscapeRight";
				LD_RUNPATH_SEARCH_PATHS = (
					"$(inherited)",
					"@executable_path/Frameworks",
				);
				MARKETING_VERSION = 1.0;
				PRODUCT_BUNDLE_IDENTIFIER = com.bro.My12Weeks;
				PRODUCT_NAME = "$(TARGET_NAME)";
				SWIFT_EMIT_LOC_STRINGS = YES;
				SWIFT_VERSION = 5.0;
				TARGETED_DEVICE_FAMILY = "1,2";
			};
			name = Release;
		};
/* End XCBuildConfiguration section */

/* Begin XCConfigurationList section */
		1BC237BE284331920059DB8C /* Build configuration list for PBXProject "My12Weeks" */ = {
			isa = XCConfigurationList;
			buildConfigurations = (
				1BC237D5284331950059DB8C /* Debug */,
				1BC237D6284331950059DB8C /* Release */,
			);
			defaultConfigurationIsVisible = 0;
			defaultConfigurationName = Release;
		};
		1BC237D7284331950059DB8C /* Build configuration list for PBXNativeTarget "My12Weeks" */ = {
			isa = XCConfigurationList;
			buildConfigurations = (
				1BC237D8284331950059DB8C /* Debug */,
				1BC237D9284331950059DB8C /* Release */,
			);
			defaultConfigurationIsVisible = 0;
			defaultConfigurationName = Release;
		};
/* End XCConfigurationList section */
	};
	rootObject = 1BC237BB284331920059DB8C /* Project object */;
}
